
Microsoft Visual Studio Solution File, Format Version 12.00
# Visual Studio Version 17
VisualStudioVersion = 17.10.35122.118
MinimumVisualStudioVersion = 10.0.40219.1
Project("{FAE04EC0-301F-11D3-BF4B-00C04F79EFBC}") = "Decaf", "Decaf\Decaf.csproj", "{ADF2927E-650F-4336-917C-4A8C63727DC0}"
EndProject
Project("{FAE04EC0-301F-11D3-BF4B-00C04F79EFBC}") = "Decaf.Base", "Decaf.Base\Decaf.Base.csproj", "{5963C821-142B-4F11-92EE-9526B1C5F370}"
EndProject
Project("{FAE04EC0-301F-11D3-BF4B-00C04F79EFBC}") = "Decaf.Utility", "Decaf.Utilities\Decaf.Utility.csproj", "{41B37E18-C1BF-48FF-B338-EA7D39B325D5}"
EndProject
Project("{FAE04EC0-301F-11D3-BF4B-00C04F79EFBC}") = "Decaf.Extension", "Decaf.Extension\Decaf.Extension.csproj", "{9E639995-F89B-49CA-AA2A-3D0855701FB5}"
EndProject
Project("{FAE04EC0-301F-11D3-BF4B-00C04F79EFBC}") = "Decaf.Main", "Decaf.Main\Decaf.Main.csproj", "{EA0290C3-C092-4E8A-A972-696ECBFC5F19}"
EndProject
Project("{FAE04EC0-301F-11D3-BF4B-00C04F79EFBC}") = "Decaf.OnBoarding", "Decaf.OnBoarding\Decaf.OnBoarding.csproj", "{3B9434B8-2409-4308-8B91-4D8AAE973FF0}"
EndProject
Project("{FAE04EC0-301F-11D3-BF4B-00C04F79EFBC}") = "Decaf.Template", "Decaf.Template\Decaf.Template.csproj", "{11458032-A55E-489B-8639-26C306C4ED0D}"
EndProject
Project("{FAE04EC0-301F-11D3-BF4B-00C04F79EFBC}") = "Decaf.Converter", "Decaf.Converter\Decaf.Converter.csproj", "{ECFDDAE6-3E16-422A-941A-AAB4538B6630}"
EndProject
Global
	GlobalSection(SolutionConfigurationPlatforms) = preSolution
		Debug|Any CPU = Debug|Any CPU
		Release|Any CPU = Release|Any CPU
	EndGlobalSection
	GlobalSection(ProjectConfigurationPlatforms) = postSolution
		{ADF2927E-650F-4336-917C-4A8C63727DC0}.Debug|Any CPU.ActiveCfg = Debug|Any CPU
		{ADF2927E-650F-4336-917C-4A8C63727DC0}.Debug|Any CPU.Build.0 = Debug|Any CPU
		{ADF2927E-650F-4336-917C-4A8C63727DC0}.Debug|Any CPU.Deploy.0 = Debug|Any CPU
		{ADF2927E-650F-4336-917C-4A8C63727DC0}.Release|Any CPU.ActiveCfg = Release|Any CPU
		{ADF2927E-650F-4336-917C-4A8C63727DC0}.Release|Any CPU.Build.0 = Release|Any CPU
		{ADF2927E-650F-4336-917C-4A8C63727DC0}.Release|Any CPU.Deploy.0 = Release|Any CPU
		{5963C821-142B-4F11-92EE-9526B1C5F370}.Debug|Any CPU.ActiveCfg = Debug|Any CPU
		{5963C821-142B-4F11-92EE-9526B1C5F370}.Debug|Any CPU.Build.0 = Debug|Any CPU
		{5963C821-142B-4F11-92EE-9526B1C5F370}.Release|Any CPU.ActiveCfg = Release|Any CPU
		{5963C821-142B-4F11-92EE-9526B1C5F370}.Release|Any CPU.Build.0 = Release|Any CPU
		{41B37E18-C1BF-48FF-B338-EA7D39B325D5}.Debug|Any CPU.ActiveCfg = Debug|Any CPU
		{41B37E18-C1BF-48FF-B338-EA7D39B325D5}.Debug|Any CPU.Build.0 = Debug|Any CPU
		{41B37E18-C1BF-48FF-B338-EA7D39B325D5}.Release|Any CPU.ActiveCfg = Release|Any CPU
		{41B37E18-C1BF-48FF-B338-EA7D39B325D5}.Release|Any CPU.Build.0 = Release|Any CPU
		{9E639995-F89B-49CA-AA2A-3D0855701FB5}.Debug|Any CPU.ActiveCfg = Debug|Any CPU
		{9E639995-F89B-49CA-AA2A-3D0855701FB5}.Debug|Any CPU.Build.0 = Debug|Any CPU
		{9E639995-F89B-49CA-AA2A-3D0855701FB5}.Release|Any CPU.ActiveCfg = Release|Any CPU
		{9E639995-F89B-49CA-AA2A-3D0855701FB5}.Release|Any CPU.Build.0 = Release|Any CPU
		{EA0290C3-C092-4E8A-A972-696ECBFC5F19}.Debug|Any CPU.ActiveCfg = Debug|Any CPU
		{EA0290C3-C092-4E8A-A972-696ECBFC5F19}.Debug|Any CPU.Build.0 = Debug|Any CPU
		{EA0290C3-C092-4E8A-A972-696ECBFC5F19}.Release|Any CPU.ActiveCfg = Release|Any CPU
		{EA0290C3-C092-4E8A-A972-696ECBFC5F19}.Release|Any CPU.Build.0 = Release|Any CPU
		{3B9434B8-2409-4308-8B91-4D8AAE973FF0}.Debug|Any CPU.ActiveCfg = Debug|Any CPU
		{3B9434B8-2409-4308-8B91-4D8AAE973FF0}.Debug|Any CPU.Build.0 = Debug|Any CPU
		{3B9434B8-2409-4308-8B91-4D8AAE973FF0}.Release|Any CPU.ActiveCfg = Release|Any CPU
		{3B9434B8-2409-4308-8B91-4D8AAE973FF0}.Release|Any CPU.Build.0 = Release|Any CPU
		{11458032-A55E-489B-8639-26C306C4ED0D}.Debug|Any CPU.ActiveCfg = Debug|Any CPU
		{11458032-A55E-489B-8639-26C306C4ED0D}.Debug|Any CPU.Build.0 = Debug|Any CPU
		{11458032-A55E-489B-8639-26C306C4ED0D}.Release|Any CPU.ActiveCfg = Release|Any CPU
		{11458032-A55E-489B-8639-26C306C4ED0D}.Release|Any CPU.Build.0 = Release|Any CPU
		{ECFDDAE6-3E16-422A-941A-AAB4538B6630}.Debug|Any CPU.ActiveCfg = Debug|Any CPU
		{ECFDDAE6-3E16-422A-941A-AAB4538B6630}.Debug|Any CPU.Build.0 = Debug|Any CPU
		{ECFDDAE6-3E16-422A-941A-AAB4538B6630}.Release|Any CPU.ActiveCfg = Release|Any CPU
		{ECFDDAE6-3E16-422A-941A-AAB4538B6630}.Release|Any CPU.Build.0 = Release|Any CPU
	EndGlobalSection
	GlobalSection(SolutionProperties) = preSolution
		HideSolutionNode = FALSE
	EndGlobalSection
	GlobalSection(ExtensibilityGlobals) = postSolution
		SolutionGuid = {39CEB50B-3C4C-41CF-8B01-D5F98DC50953}
	EndGlobalSection
EndGlobal
